
Microsoft Visual Studio Solution File, Format Version 12.00
# Visual Studio 15
VisualStudioVersion = 15.0.27130.2024
MinimumVisualStudioVersion = 10.0.40219.1
Project("{FAE04EC0-301F-11D3-BF4B-00C04F79EFBC}") = "EqualityInDotNet", "EqualityInDotNet\EqualityInDotNet.csproj", "{9894268D-19E6-4A1B-8B10-6AAA3AF2393A}"
EndProject
Project("{FAE04EC0-301F-11D3-BF4B-00C04F79EFBC}") = "EqualityOperator", "EqualityOperator\EqualityOperator.csproj", "{F90A428E-565A-4689-A8D7-059ACD0A7567}"
EndProject
Project("{FAE04EC0-301F-11D3-BF4B-00C04F79EFBC}") = "EqualityImplementation", "EqualityImplementation\EqualityImplementation.csproj", "{BED58FB0-58DA-47C6-9365-416B0B849741}"
EndProject
Global
	GlobalSection(SolutionConfigurationPlatforms) = preSolution
		Debug|Any CPU = Debug|Any CPU
		Release|Any CPU = Release|Any CPU
	EndGlobalSection
	GlobalSection(ProjectConfigurationPlatforms) = postSolution
		{9894268D-19E6-4A1B-8B10-6AAA3AF2393A}.Debug|Any CPU.ActiveCfg = Debug|Any CPU
		{9894268D-19E6-4A1B-8B10-6AAA3AF2393A}.Debug|Any CPU.Build.0 = Debug|Any CPU
		{9894268D-19E6-4A1B-8B10-6AAA3AF2393A}.Release|Any CPU.ActiveCfg = Release|Any CPU
		{9894268D-19E6-4A1B-8B10-6AAA3AF2393A}.Release|Any CPU.Build.0 = Release|Any CPU
		{F90A428E-565A-4689-A8D7-059ACD0A7567}.Debug|Any CPU.ActiveCfg = Debug|Any CPU
		{F90A428E-565A-4689-A8D7-059ACD0A7567}.Debug|Any CPU.Build.0 = Debug|Any CPU
		{F90A428E-565A-4689-A8D7-059ACD0A7567}.Release|Any CPU.ActiveCfg = Release|Any CPU
		{F90A428E-565A-4689-A8D7-059ACD0A7567}.Release|Any CPU.Build.0 = Release|Any CPU
		{BED58FB0-58DA-47C6-9365-416B0B849741}.Debug|Any CPU.ActiveCfg = Debug|Any CPU
		{BED58FB0-58DA-47C6-9365-416B0B849741}.Debug|Any CPU.Build.0 = Debug|Any CPU
		{BED58FB0-58DA-47C6-9365-416B0B849741}.Release|Any CPU.ActiveCfg = Release|Any CPU
		{BED58FB0-58DA-47C6-9365-416B0B849741}.Release|Any CPU.Build.0 = Release|Any CPU
	EndGlobalSection
	GlobalSection(SolutionProperties) = preSolution
		HideSolutionNode = FALSE
	EndGlobalSection
	GlobalSection(ExtensibilityGlobals) = postSolution
		SolutionGuid = {2BA056AE-1F7C-4E00-BBE3-ECC53B06FCC2}
	EndGlobalSection
EndGlobal
